
Microsoft Visual Studio Solution File, Format Version 12.00
# Visual Studio Version 17
VisualStudioVersion = 17.6.33815.320
MinimumVisualStudioVersion = 10.0.40219.1
Project("{FAE04EC0-301F-11D3-BF4B-00C04F79EFBC}") = "C#_Project_Cafe_Management_System", "C#_Project_Cafe_Management_System\C#_Project_Cafe_Management_System.csproj", "{7F0AD5E5-3191-40BA-91F2-5AF1716BFA9E}"
EndProject
Global
	GlobalSection(SolutionConfigurationPlatforms) = preSolution
		Debug|Any CPU = Debug|Any CPU
		Release|Any CPU = Release|Any CPU
	EndGlobalSection
	GlobalSection(ProjectConfigurationPlatforms) = postSolution
		{7F0AD5E5-3191-40BA-91F2-5AF1716BFA9E}.Debug|Any CPU.ActiveCfg = Debug|Any CPU
		{7F0AD5E5-3191-40BA-91F2-5AF1716BFA9E}.Debug|Any CPU.Build.0 = Debug|Any CPU
		{7F0AD5E5-3191-40BA-91F2-5AF1716BFA9E}.Release|Any CPU.ActiveCfg = Release|Any CPU
		{7F0AD5E5-3191-40BA-91F2-5AF1716BFA9E}.Release|Any CPU.Build.0 = Release|Any CPU
	EndGlobalSection
	GlobalSection(SolutionProperties) = preSolution
		HideSolutionNode = FALSE
	EndGlobalSection
	GlobalSection(ExtensibilityGlobals) = postSolution
		SolutionGuid = {1DBAC213-0882-4F70-9468-9B200173C9E6}
	EndGlobalSection
EndGlobal
